
Microsoft Visual Studio Solution File, Format Version 12.00
# Visual Studio Version 17
VisualStudioVersion = 17.7.33913.275
MinimumVisualStudioVersion = 10.0.40219.1
Project("{FAE04EC0-301F-11D3-BF4B-00C04F79EFBC}") = "WebAPI", "API\WebAPI.csproj", "{7F4FFFBF-49CA-4CE7-81D8-A0F29766D1CE}"
EndProject
Project("{FAE04EC0-301F-11D3-BF4B-00C04F79EFBC}") = "Database", "Database\Database.csproj", "{A0B43429-2EA0-4859-A1A2-C4B242B2F61D}"
EndProject
Global
	GlobalSection(SolutionConfigurationPlatforms) = preSolution
		Debug|Any CPU = Debug|Any CPU
		Release|Any CPU = Release|Any CPU
	EndGlobalSection
	GlobalSection(ProjectConfigurationPlatforms) = postSolution
		{7F4FFFBF-49CA-4CE7-81D8-A0F29766D1CE}.Debug|Any CPU.ActiveCfg = Debug|Any CPU
		{7F4FFFBF-49CA-4CE7-81D8-A0F29766D1CE}.Debug|Any CPU.Build.0 = Debug|Any CPU
		{7F4FFFBF-49CA-4CE7-81D8-A0F29766D1CE}.Release|Any CPU.ActiveCfg = Release|Any CPU
		{7F4FFFBF-49CA-4CE7-81D8-A0F29766D1CE}.Release|Any CPU.Build.0 = Release|Any CPU
		{A0B43429-2EA0-4859-A1A2-C4B242B2F61D}.Debug|Any CPU.ActiveCfg = Debug|Any CPU
		{A0B43429-2EA0-4859-A1A2-C4B242B2F61D}.Debug|Any CPU.Build.0 = Debug|Any CPU
		{A0B43429-2EA0-4859-A1A2-C4B242B2F61D}.Release|Any CPU.ActiveCfg = Release|Any CPU
		{A0B43429-2EA0-4859-A1A2-C4B242B2F61D}.Release|Any CPU.Build.0 = Release|Any CPU
	EndGlobalSection
	GlobalSection(SolutionProperties) = preSolution
		HideSolutionNode = FALSE
	EndGlobalSection
	GlobalSection(ExtensibilityGlobals) = postSolution
		SolutionGuid = {FEA2667A-E7DF-4DF1-BD1B-F367EE1C3543}
	EndGlobalSection
EndGlobal
